
Microsoft Visual Studio Solution File, Format Version 12.00
# Visual Studio Version 17
VisualStudioVersion = 17.2.32526.322
MinimumVisualStudioVersion = 10.0.40219.1
Project("{FAE04EC0-301F-11D3-BF4B-00C04F79EFBC}") = "MovieTicket", "MovieTicket\MovieTicket.csproj", "{B304976C-6EF8-4F96-BBA4-0DB4639BFE4E}"
EndProject
Global
	GlobalSection(SolutionConfigurationPlatforms) = preSolution
		Debug|Any CPU = Debug|Any CPU
		Release|Any CPU = Release|Any CPU
	EndGlobalSection
	GlobalSection(ProjectConfigurationPlatforms) = postSolution
		{B304976C-6EF8-4F96-BBA4-0DB4639BFE4E}.Debug|Any CPU.ActiveCfg = Debug|Any CPU
		{B304976C-6EF8-4F96-BBA4-0DB4639BFE4E}.Debug|Any CPU.Build.0 = Debug|Any CPU
		{B304976C-6EF8-4F96-BBA4-0DB4639BFE4E}.Release|Any CPU.ActiveCfg = Release|Any CPU
		{B304976C-6EF8-4F96-BBA4-0DB4639BFE4E}.Release|Any CPU.Build.0 = Release|Any CPU
	EndGlobalSection
	GlobalSection(SolutionProperties) = preSolution
		HideSolutionNode = FALSE
	EndGlobalSection
	GlobalSection(ExtensibilityGlobals) = postSolution
		SolutionGuid = {372E4092-0F49-43C4-BD37-088AB090D4C0}
	EndGlobalSection
EndGlobal
